
Microsoft Visual Studio Solution File, Format Version 12.00
# Visual Studio Version 17
VisualStudioVersion = 17.3.32901.215
MinimumVisualStudioVersion = 10.0.40219.1
Project("{9A19103F-16F7-4668-BE54-9A1E7A4F7556}") = "Pr0201", "Pr0201\Pr0201.csproj", "{A9E81223-5401-4BAA-829B-51F41CF0A292}"
EndProject
Project("{9A19103F-16F7-4668-BE54-9A1E7A4F7556}") = "Pr0202", "Pr0202\Pr0202.csproj", "{2B7154C5-CD0D-4DFB-AE9B-FDA9EB9ED8F4}"
EndProject
Project("{9A19103F-16F7-4668-BE54-9A1E7A4F7556}") = "Pr0203", "Pr0203\Pr0203.csproj", "{2C2620C5-05D0-4F0D-B57E-EE7CD0B3DD12}"
EndProject
Project("{9A19103F-16F7-4668-BE54-9A1E7A4F7556}") = "Pr0204", "Pr0204\Pr0204.csproj", "{EF23591A-17F8-4B19-A7A5-4AE418B84E25}"
EndProject
Project("{9A19103F-16F7-4668-BE54-9A1E7A4F7556}") = "Pr0205", "Pr0205\Pr0205.csproj", "{E821C376-CE55-4047-9728-E9F89B6FAF6E}"
EndProject
Project("{9A19103F-16F7-4668-BE54-9A1E7A4F7556}") = "Pr0206", "Pr0206\Pr0206.csproj", "{A438DA26-781E-49DE-A279-27969367A016}"
EndProject
Project("{9A19103F-16F7-4668-BE54-9A1E7A4F7556}") = "Pr0207", "Pr0207\Pr0207.csproj", "{00978E4E-E444-47B0-A116-55DDD9D27193}"
EndProject
Project("{9A19103F-16F7-4668-BE54-9A1E7A4F7556}") = "Pr0208", "Pr0208\Pr0208.csproj", "{C715D152-14BD-43C2-A228-5D950167D6DE}"
EndProject
Project("{9A19103F-16F7-4668-BE54-9A1E7A4F7556}") = "Pr0209", "Pr0209\Pr0209.csproj", "{2305F8F8-9E81-4921-9ADD-6E3522DA3A3A}"
EndProject
Project("{9A19103F-16F7-4668-BE54-9A1E7A4F7556}") = "Pr0210", "Pr0210\Pr0210.csproj", "{19411133-1A13-4AE9-9779-55B3525BEC3D}"
EndProject
Project("{9A19103F-16F7-4668-BE54-9A1E7A4F7556}") = "Pr0211", "Pr0211\Pr0211.csproj", "{04B8FE62-347E-4A0F-B7F4-C6EA8822A6F4}"
EndProject
Project("{9A19103F-16F7-4668-BE54-9A1E7A4F7556}") = "Pr0212", "Pr0212\Pr0212.csproj", "{52569371-82E1-4204-AB14-5055A25A149A}"
EndProject
Project("{9A19103F-16F7-4668-BE54-9A1E7A4F7556}") = "Pr0213", "Pr0213\Pr0213.csproj", "{4DFA035F-9ABC-44CD-943F-5BB698BD9FE1}"
EndProject
Project("{9A19103F-16F7-4668-BE54-9A1E7A4F7556}") = "Pr0214", "Pr0214\Pr0214.csproj", "{1EBAB3D6-C913-4463-8047-FE87952E7543}"
EndProject
Project("{9A19103F-16F7-4668-BE54-9A1E7A4F7556}") = "Pr0215", "Pr0215\Pr0215.csproj", "{3D15010F-84AE-440F-9849-0212419A1375}"
EndProject
Project("{9A19103F-16F7-4668-BE54-9A1E7A4F7556}") = "Pr0216", "Pr0216\Pr0216.csproj", "{98F5C01B-9E77-49EE-B4EF-E78FF1F4E21D}"
EndProject
Project("{FAE04EC0-301F-11D3-BF4B-00C04F79EFBC}") = "Pr0217", "Pr0217\Pr0217.csproj", "{26EC2ACD-D342-414A-A8D9-C6D847E1FEDE}"
EndProject
Project("{FAE04EC0-301F-11D3-BF4B-00C04F79EFBC}") = "Pr0218", "Pr0218\Pr0218.csproj", "{E49CF39C-0CCD-490B-8AB4-C148A933F730}"
EndProject
Global
	GlobalSection(SolutionConfigurationPlatforms) = preSolution
		Debug|Any CPU = Debug|Any CPU
		Release|Any CPU = Release|Any CPU
	EndGlobalSection
	GlobalSection(ProjectConfigurationPlatforms) = postSolution
		{A9E81223-5401-4BAA-829B-51F41CF0A292}.Debug|Any CPU.ActiveCfg = Debug|Any CPU
		{A9E81223-5401-4BAA-829B-51F41CF0A292}.Debug|Any CPU.Build.0 = Debug|Any CPU
		{A9E81223-5401-4BAA-829B-51F41CF0A292}.Release|Any CPU.ActiveCfg = Release|Any CPU
		{A9E81223-5401-4BAA-829B-51F41CF0A292}.Release|Any CPU.Build.0 = Release|Any CPU
		{2B7154C5-CD0D-4DFB-AE9B-FDA9EB9ED8F4}.Debug|Any CPU.ActiveCfg = Debug|Any CPU
		{2B7154C5-CD0D-4DFB-AE9B-FDA9EB9ED8F4}.Debug|Any CPU.Build.0 = Debug|Any CPU
		{2B7154C5-CD0D-4DFB-AE9B-FDA9EB9ED8F4}.Release|Any CPU.ActiveCfg = Release|Any CPU
		{2B7154C5-CD0D-4DFB-AE9B-FDA9EB9ED8F4}.Release|Any CPU.Build.0 = Release|Any CPU
		{2C2620C5-05D0-4F0D-B57E-EE7CD0B3DD12}.Debug|Any CPU.ActiveCfg = Debug|Any CPU
		{2C2620C5-05D0-4F0D-B57E-EE7CD0B3DD12}.Debug|Any CPU.Build.0 = Debug|Any CPU
		{2C2620C5-05D0-4F0D-B57E-EE7CD0B3DD12}.Release|Any CPU.ActiveCfg = Release|Any CPU
		{2C2620C5-05D0-4F0D-B57E-EE7CD0B3DD12}.Release|Any CPU.Build.0 = Release|Any CPU
		{EF23591A-17F8-4B19-A7A5-4AE418B84E25}.Debug|Any CPU.ActiveCfg = Debug|Any CPU
		{EF23591A-17F8-4B19-A7A5-4AE418B84E25}.Debug|Any CPU.Build.0 = Debug|Any CPU
		{EF23591A-17F8-4B19-A7A5-4AE418B84E25}.Release|Any CPU.ActiveCfg = Release|Any CPU
		{EF23591A-17F8-4B19-A7A5-4AE418B84E25}.Release|Any CPU.Build.0 = Release|Any CPU
		{E821C376-CE55-4047-9728-E9F89B6FAF6E}.Debug|Any CPU.ActiveCfg = Debug|Any CPU
		{E821C376-CE55-4047-9728-E9F89B6FAF6E}.Debug|Any CPU.Build.0 = Debug|Any CPU
		{E821C376-CE55-4047-9728-E9F89B6FAF6E}.Release|Any CPU.ActiveCfg = Release|Any CPU
		{E821C376-CE55-4047-9728-E9F89B6FAF6E}.Release|Any CPU.Build.0 = Release|Any CPU
		{A438DA26-781E-49DE-A279-27969367A016}.Debug|Any CPU.ActiveCfg = Debug|Any CPU
		{A438DA26-781E-49DE-A279-27969367A016}.Debug|Any CPU.Build.0 = Debug|Any CPU
		{A438DA26-781E-49DE-A279-27969367A016}.Release|Any CPU.ActiveCfg = Release|Any CPU
		{A438DA26-781E-49DE-A279-27969367A016}.Release|Any CPU.Build.0 = Release|Any CPU
		{00978E4E-E444-47B0-A116-55DDD9D27193}.Debug|Any CPU.ActiveCfg = Debug|Any CPU
		{00978E4E-E444-47B0-A116-55DDD9D27193}.Debug|Any CPU.Build.0 = Debug|Any CPU
		{00978E4E-E444-47B0-A116-55DDD9D27193}.Release|Any CPU.ActiveCfg = Release|Any CPU
		{00978E4E-E444-47B0-A116-55DDD9D27193}.Release|Any CPU.Build.0 = Release|Any CPU
		{C715D152-14BD-43C2-A228-5D950167D6DE}.Debug|Any CPU.ActiveCfg = Debug|Any CPU
		{C715D152-14BD-43C2-A228-5D950167D6DE}.Debug|Any CPU.Build.0 = Debug|Any CPU
		{C715D152-14BD-43C2-A228-5D950167D6DE}.Release|Any CPU.ActiveCfg = Release|Any CPU
		{C715D152-14BD-43C2-A228-5D950167D6DE}.Release|Any CPU.Build.0 = Release|Any CPU
		{2305F8F8-9E81-4921-9ADD-6E3522DA3A3A}.Debug|Any CPU.ActiveCfg = Debug|Any CPU
		{2305F8F8-9E81-4921-9ADD-6E3522DA3A3A}.Debug|Any CPU.Build.0 = Debug|Any CPU
		{2305F8F8-9E81-4921-9ADD-6E3522DA3A3A}.Release|Any CPU.ActiveCfg = Release|Any CPU
		{2305F8F8-9E81-4921-9ADD-6E3522DA3A3A}.Release|Any CPU.Build.0 = Release|Any CPU
		{19411133-1A13-4AE9-9779-55B3525BEC3D}.Debug|Any CPU.ActiveCfg = Debug|Any CPU
		{19411133-1A13-4AE9-9779-55B3525BEC3D}.Debug|Any CPU.Build.0 = Debug|Any CPU
		{19411133-1A13-4AE9-9779-55B3525BEC3D}.Release|Any CPU.ActiveCfg = Release|Any CPU
		{19411133-1A13-4AE9-9779-55B3525BEC3D}.Release|Any CPU.Build.0 = Release|Any CPU
		{04B8FE62-347E-4A0F-B7F4-C6EA8822A6F4}.Debug|Any CPU.ActiveCfg = Debug|Any CPU
		{04B8FE62-347E-4A0F-B7F4-C6EA8822A6F4}.Debug|Any CPU.Build.0 = Debug|Any CPU
		{04B8FE62-347E-4A0F-B7F4-C6EA8822A6F4}.Release|Any CPU.ActiveCfg = Release|Any CPU
		{04B8FE62-347E-4A0F-B7F4-C6EA8822A6F4}.Release|Any CPU.Build.0 = Release|Any CPU
		{52569371-82E1-4204-AB14-5055A25A149A}.Debug|Any CPU.ActiveCfg = Debug|Any CPU
		{52569371-82E1-4204-AB14-5055A25A149A}.Debug|Any CPU.Build.0 = Debug|Any CPU
		{52569371-82E1-4204-AB14-5055A25A149A}.Release|Any CPU.ActiveCfg = Release|Any CPU
		{52569371-82E1-4204-AB14-5055A25A149A}.Release|Any CPU.Build.0 = Release|Any CPU
		{4DFA035F-9ABC-44CD-943F-5BB698BD9FE1}.Debug|Any CPU.ActiveCfg = Debug|Any CPU
		{4DFA035F-9ABC-44CD-943F-5BB698BD9FE1}.Debug|Any CPU.Build.0 = Debug|Any CPU
		{4DFA035F-9ABC-44CD-943F-5BB698BD9FE1}.Release|Any CPU.ActiveCfg = Release|Any CPU
		{4DFA035F-9ABC-44CD-943F-5BB698BD9FE1}.Release|Any CPU.Build.0 = Release|Any CPU
		{1EBAB3D6-C913-4463-8047-FE87952E7543}.Debug|Any CPU.ActiveCfg = Debug|Any CPU
		{1EBAB3D6-C913-4463-8047-FE87952E7543}.Debug|Any CPU.Build.0 = Debug|Any CPU
		{1EBAB3D6-C913-4463-8047-FE87952E7543}.Release|Any CPU.ActiveCfg = Release|Any CPU
		{1EBAB3D6-C913-4463-8047-FE87952E7543}.Release|Any CPU.Build.0 = Release|Any CPU
		{3D15010F-84AE-440F-9849-0212419A1375}.Debug|Any CPU.ActiveCfg = Debug|Any CPU
		{3D15010F-84AE-440F-9849-0212419A1375}.Debug|Any CPU.Build.0 = Debug|Any CPU
		{3D15010F-84AE-440F-9849-0212419A1375}.Release|Any CPU.ActiveCfg = Release|Any CPU
		{3D15010F-84AE-440F-9849-0212419A1375}.Release|Any CPU.Build.0 = Release|Any CPU
		{98F5C01B-9E77-49EE-B4EF-E78FF1F4E21D}.Debug|Any CPU.ActiveCfg = Debug|Any CPU
		{98F5C01B-9E77-49EE-B4EF-E78FF1F4E21D}.Debug|Any CPU.Build.0 = Debug|Any CPU
		{98F5C01B-9E77-49EE-B4EF-E78FF1F4E21D}.Release|Any CPU.ActiveCfg = Release|Any CPU
		{98F5C01B-9E77-49EE-B4EF-E78FF1F4E21D}.Release|Any CPU.Build.0 = Release|Any CPU
		{26EC2ACD-D342-414A-A8D9-C6D847E1FEDE}.Debug|Any CPU.ActiveCfg = Debug|Any CPU
		{26EC2ACD-D342-414A-A8D9-C6D847E1FEDE}.Debug|Any CPU.Build.0 = Debug|Any CPU
		{26EC2ACD-D342-414A-A8D9-C6D847E1FEDE}.Release|Any CPU.ActiveCfg = Release|Any CPU
		{26EC2ACD-D342-414A-A8D9-C6D847E1FEDE}.Release|Any CPU.Build.0 = Release|Any CPU
		{E49CF39C-0CCD-490B-8AB4-C148A933F730}.Debug|Any CPU.ActiveCfg = Debug|Any CPU
		{E49CF39C-0CCD-490B-8AB4-C148A933F730}.Debug|Any CPU.Build.0 = Debug|Any CPU
		{E49CF39C-0CCD-490B-8AB4-C148A933F730}.Release|Any CPU.ActiveCfg = Release|Any CPU
		{E49CF39C-0CCD-490B-8AB4-C148A933F730}.Release|Any CPU.Build.0 = Release|Any CPU
	EndGlobalSection
	GlobalSection(SolutionProperties) = preSolution
		HideSolutionNode = FALSE
	EndGlobalSection
	GlobalSection(ExtensibilityGlobals) = postSolution
		SolutionGuid = {2A2D98B5-2797-4988-B1C6-7E2FC7DA1238}
	EndGlobalSection
EndGlobal
